
Microsoft Visual Studio Solution File, Format Version 12.00
# Visual Studio Version 17
VisualStudioVersion = 17.14.36603.0 d17.14
MinimumVisualStudioVersion = 10.0.40219.1
Project("{2150E333-8FDC-42A3-9474-1A3956D46DE8}") = "src", "src", "{02EA681E-C7D8-13C7-8484-4AC65E1B71E8}"
EndProject
Project("{FAE04EC0-301F-11D3-BF4B-00C04F79EFBC}") = "GraphQL.API.Server", "src\GraphQL.API.Server\GraphQL.API.Server.csproj", "{DEF85413-CBEB-48C6-86C1-E4A988C95604}"
EndProject
Project("{FAE04EC0-301F-11D3-BF4B-00C04F79EFBC}") = "GraphQL.API.Client", "src\GraphQL.API.Client\GraphQL.API.Client.csproj", "{C81675DD-5584-4716-9526-D51B4FAC4625}"
EndProject
Global
	GlobalSection(SolutionConfigurationPlatforms) = preSolution
		Debug|Any CPU = Debug|Any CPU
		Release|Any CPU = Release|Any CPU
	EndGlobalSection
	GlobalSection(ProjectConfigurationPlatforms) = postSolution
		{DEF85413-CBEB-48C6-86C1-E4A988C95604}.Debug|Any CPU.ActiveCfg = Debug|Any CPU
		{DEF85413-CBEB-48C6-86C1-E4A988C95604}.Debug|Any CPU.Build.0 = Debug|Any CPU
		{DEF85413-CBEB-48C6-86C1-E4A988C95604}.Release|Any CPU.ActiveCfg = Release|Any CPU
		{DEF85413-CBEB-48C6-86C1-E4A988C95604}.Release|Any CPU.Build.0 = Release|Any CPU
		{C81675DD-5584-4716-9526-D51B4FAC4625}.Debug|Any CPU.ActiveCfg = Debug|Any CPU
		{C81675DD-5584-4716-9526-D51B4FAC4625}.Debug|Any CPU.Build.0 = Debug|Any CPU
		{C81675DD-5584-4716-9526-D51B4FAC4625}.Release|Any CPU.ActiveCfg = Release|Any CPU
		{C81675DD-5584-4716-9526-D51B4FAC4625}.Release|Any CPU.Build.0 = Release|Any CPU
	EndGlobalSection
	GlobalSection(SolutionProperties) = preSolution
		HideSolutionNode = FALSE
	EndGlobalSection
	GlobalSection(NestedProjects) = preSolution
		{DEF85413-CBEB-48C6-86C1-E4A988C95604} = {02EA681E-C7D8-13C7-8484-4AC65E1B71E8}
		{C81675DD-5584-4716-9526-D51B4FAC4625} = {02EA681E-C7D8-13C7-8484-4AC65E1B71E8}
	EndGlobalSection
	GlobalSection(ExtensibilityGlobals) = postSolution
		SolutionGuid = {4F7D6511-2DC7-4BE1-B5B1-E8FF7AA98310}
	EndGlobalSection
EndGlobal
